
Microsoft Visual Studio Solution File, Format Version 12.00
# Visual Studio Version 16
VisualStudioVersion = 16.0.33214.272
MinimumVisualStudioVersion = 10.0.40219.1
Project("{FAE04EC0-301F-11D3-BF4B-00C04F79EFBC}") = "WebApplication2", "WebApplication2\WebApplication2.csproj", "{1CB93AB7-0CCB-4080-A157-916D81D772EC}"
EndProject
Project("{FAE04EC0-301F-11D3-BF4B-00C04F79EFBC}") = "bbdd", "bbdd\bbdd.csproj", "{F48D6F1F-1717-4448-BF1B-11F578B21111}"
EndProject
Global
	GlobalSection(SolutionConfigurationPlatforms) = preSolution
		Debug|Any CPU = Debug|Any CPU
		Release|Any CPU = Release|Any CPU
	EndGlobalSection
	GlobalSection(ProjectConfigurationPlatforms) = postSolution
		{1CB93AB7-0CCB-4080-A157-916D81D772EC}.Debug|Any CPU.ActiveCfg = Debug|Any CPU
		{1CB93AB7-0CCB-4080-A157-916D81D772EC}.Debug|Any CPU.Build.0 = Debug|Any CPU
		{1CB93AB7-0CCB-4080-A157-916D81D772EC}.Release|Any CPU.ActiveCfg = Release|Any CPU
		{1CB93AB7-0CCB-4080-A157-916D81D772EC}.Release|Any CPU.Build.0 = Release|Any CPU
		{F48D6F1F-1717-4448-BF1B-11F578B21111}.Debug|Any CPU.ActiveCfg = Debug|Any CPU
		{F48D6F1F-1717-4448-BF1B-11F578B21111}.Debug|Any CPU.Build.0 = Debug|Any CPU
		{F48D6F1F-1717-4448-BF1B-11F578B21111}.Release|Any CPU.ActiveCfg = Release|Any CPU
		{F48D6F1F-1717-4448-BF1B-11F578B21111}.Release|Any CPU.Build.0 = Release|Any CPU
	EndGlobalSection
	GlobalSection(SolutionProperties) = preSolution
		HideSolutionNode = FALSE
	EndGlobalSection
	GlobalSection(ExtensibilityGlobals) = postSolution
		SolutionGuid = {D7215D0E-93A5-42F3-9D9F-5E301234F572}
	EndGlobalSection
EndGlobal
